// !$*UTF8*$!
{
	archiveVersion = 1;
	classes = {
	};
	objectVersion = 46;
	objects = {

/* Begin PBXBuildFile section */
		3D0300C40D516DC400C3B7A3 /* IIAlbum.m in Sources */ = {isa = PBXBuildFile; fileRef = 3D0300C30D516DC400C3B7A3 /* IIAlbum.m */; };
		3D03FE710D57F24E008C8194 /* Taglib.framework in Frameworks */ = {isa = PBXBuildFile; fileRef = 3D03FE700D57F24E008C8194 /* Taglib.framework */; };
		3D03FEAD0D57F2AB008C8194 /* Taglib.framework in CopyFiles */ = {isa = PBXBuildFile; fileRef = 3D03FE700D57F24E008C8194 /* Taglib.framework */; };
		3D0B14A90D4ADB3200ECEFBC /* IIAssistantController.m in Sources */ = {isa = PBXBuildFile; fileRef = 3D0B14A80D4ADB3200ECEFBC /* IIAssistantController.m */; };
		3D0B14E80D4AE84700ECEFBC /* Utilities.m in Sources */ = {isa = PBXBuildFile; fileRef = 3D0B14E70D4AE84700ECEFBC /* Utilities.m */; };
		3D0B154F0D4B0B0A00ECEFBC /* IIFileSource.m in Sources */ = {isa = PBXBuildFile; fileRef = 3D0B154E0D4B0B0A00ECEFBC /* IIFileSource.m */; };
		3D0DCAFF0DDEA46000A1660D /* IICueRenderer.m in Sources */ = {isa = PBXBuildFile; fileRef = 3D0DCAFE0DDEA46000A1660D /* IICueRenderer.m */; };
		3D0DCB390DDEB7DA00A1660D /* QuickTimeUtils.c in Sources */ = {isa = PBXBuildFile; fileRef = 3D0DCB370DDEB7DA00A1660D /* QuickTimeUtils.c */; };
		3D0DCBBF0DDF5E4800A1660D /* QuickTime.framework in Frameworks */ = {isa = PBXBuildFile; fileRef = 3D0DCBBE0DDF5E4800A1660D /* QuickTime.framework */; };
		3D0E83AA0D5ACBC300789FCD /* TagParsing.mm in Sources */ = {isa = PBXBuildFile; fileRef = 3D0E83A90D5ACBC300789FCD /* TagParsing.mm */; };
		3D2266C2105DEF770031B730 /* MainMenu.xib in Resources */ = {isa = PBXBuildFile; fileRef = 3D2266C0105DEF770031B730 /* MainMenu.xib */; };
		3D2A1906106C59180003C142 /* IITemporaryFile.m in Sources */ = {isa = PBXBuildFile; fileRef = 3D2A1905106C59180003C142 /* IITemporaryFile.m */; };
		3D2ACB710EC0EB9D00D0D43A /* UniversalDetector.framework in Frameworks */ = {isa = PBXBuildFile; fileRef = 3D2ACB700EC0EB9D00D0D43A /* UniversalDetector.framework */; };
		3D2ACB750EC0EBAF00D0D43A /* XADMaster.framework in Frameworks */ = {isa = PBXBuildFile; fileRef = 3D2ACB740EC0EBAF00D0D43A /* XADMaster.framework */; };
		3D2ACBBA0EC0EE2900D0D43A /* XADMaster.framework in CopyFiles */ = {isa = PBXBuildFile; fileRef = 3D2ACB740EC0EBAF00D0D43A /* XADMaster.framework */; };
		3D2ACBBB0EC0EE2B00D0D43A /* UniversalDetector.framework in CopyFiles */ = {isa = PBXBuildFile; fileRef = 3D2ACB700EC0EB9D00D0D43A /* UniversalDetector.framework */; };
		3D4A904C0D5652A80099E796 /* CueParsing.m.rl in Sources */ = {isa = PBXBuildFile; fileRef = 3D4A8FF40D5590F80099E796 /* CueParsing.m.rl */; };
		3D7D43400D710F3600D42333 /* ScriptingBridge.framework in Frameworks */ = {isa = PBXBuildFile; fileRef = 3D7D433F0D710F3600D42333 /* ScriptingBridge.framework */; };
		3DA2217B0EA6D62D006443F6 /* TUEncodingPopUp.m in Sources */ = {isa = PBXBuildFile; fileRef = 3DA2217A0EA6D62D006443F6 /* TUEncodingPopUp.m */; };
		3DA221870EA6DA78006443F6 /* EncodingView.nib in Resources */ = {isa = PBXBuildFile; fileRef = 3DA221850EA6DA78006443F6 /* EncodingView.nib */; };
		3DBBC5CB0D612B1C003046C3 /* ImageKit.framework in Frameworks */ = {isa = PBXBuildFile; fileRef = 3DBBC5CA0D612B1C003046C3 /* ImageKit.framework */; };
		8D11072B0486CEB800E47090 /* InfoPlist.strings in Resources */ = {isa = PBXBuildFile; fileRef = 089C165CFE840E0CC02AAC07 /* InfoPlist.strings */; };
		8D11072D0486CEB800E47090 /* main.m in Sources */ = {isa = PBXBuildFile; fileRef = 29B97316FDCFA39411CA2CEA /* main.m */; settings = {ATTRIBUTES = (); }; };
		8D11072F0486CEB800E47090 /* Cocoa.framework in Frameworks */ = {isa = PBXBuildFile; fileRef = 1058C7A1FEA54F0111CA2CBB /* Cocoa.framework */; };
/* End PBXBuildFile section */

/* Begin PBXBuildRule section */
		3D4A90210D55A5620099E796 /* PBXBuildRule */ = {
			isa = PBXBuildRule;
			compilerSpec = com.apple.compilers.proxy.script;
			filePatterns = "*.c.rl *.cpp.rl *.cp.rl *.cxx.rl *.m.rl *.mm.rl";
			fileType = pattern.proxy;
			isEditable = 1;
			outputFiles = (
				"$(DERIVED_FILES_DIR)/$(INPUT_FILE_BASE)",
				"$(DERIVED_FILES_DIR)/$(INPUT_FILE_BASE).dot",
			);
			script = "RAGEL=${PROJECT_DIR}/ragel\nRLCODEGEN=${PROJECT_DIR}/rlgen-cd\n${RAGEL} ${INPUT_FILE_PATH} | ${RLCODEGEN} -T0 -o ${DERIVED_FILES_DIR}/${INPUT_FILE_BASE}\n";
		};
/* End PBXBuildRule section */

/* Begin PBXCopyFilesBuildPhase section */
		3D0B14820D4ABFE000ECEFBC /* CopyFiles */ = {
			isa = PBXCopyFilesBuildPhase;
			buildActionMask = 2147483647;
			dstPath = "";
			dstSubfolderSpec = 10;
			files = (
				3D2ACBBB0EC0EE2B00D0D43A /* UniversalDetector.framework in CopyFiles */,
				3D2ACBBA0EC0EE2900D0D43A /* XADMaster.framework in CopyFiles */,
				3D03FEAD0D57F2AB008C8194 /* Taglib.framework in CopyFiles */,
			);
			runOnlyForDeploymentPostprocessing = 0;
		};
/* End PBXCopyFilesBuildPhase section */

/* Begin PBXFileReference section */
		089C165DFE840E0CC02AAC07 /* English */ = {isa = PBXFileReference; fileEncoding = 10; lastKnownFileType = text.plist.strings; name = English; path = English.lproj/InfoPlist.strings; sourceTree = "<group>"; };
		1058C7A1FEA54F0111CA2CBB /* Cocoa.framework */ = {isa = PBXFileReference; lastKnownFileType = wrapper.framework; name = Cocoa.framework; path = /System/Library/Frameworks/Cocoa.framework; sourceTree = "<absolute>"; };
		13E42FB307B3F0F600E4EEF1 /* CoreData.framework */ = {isa = PBXFileReference; lastKnownFileType = wrapper.framework; name = CoreData.framework; path = /System/Library/Frameworks/CoreData.framework; sourceTree = "<absolute>"; };
		29B97316FDCFA39411CA2CEA /* main.m */ = {isa = PBXFileReference; fileEncoding = 4; lastKnownFileType = sourcecode.c.objc; path = main.m; sourceTree = "<group>"; };
		29B97324FDCFA39411CA2CEA /* AppKit.framework */ = {isa = PBXFileReference; lastKnownFileType = wrapper.framework; name = AppKit.framework; path = /System/Library/Frameworks/AppKit.framework; sourceTree = "<absolute>"; };
		29B97325FDCFA39411CA2CEA /* Foundation.framework */ = {isa = PBXFileReference; lastKnownFileType = wrapper.framework; name = Foundation.framework; path = /System/Library/Frameworks/Foundation.framework; sourceTree = "<absolute>"; };
		32CA4F630368D1EE00C91783 /* iTunesImport_Prefix.pch */ = {isa = PBXFileReference; fileEncoding = 4; lastKnownFileType = sourcecode.c.h; path = iTunesImport_Prefix.pch; sourceTree = "<group>"; };
		3D0300C20D516DC300C3B7A3 /* IIAlbum.h */ = {isa = PBXFileReference; fileEncoding = 4; lastKnownFileType = sourcecode.c.h; path = IIAlbum.h; sourceTree = "<group>"; };
		3D0300C30D516DC400C3B7A3 /* IIAlbum.m */ = {isa = PBXFileReference; fileEncoding = 4; lastKnownFileType = sourcecode.c.objc; path = IIAlbum.m; sourceTree = "<group>"; };
		3D03FE700D57F24E008C8194 /* Taglib.framework */ = {isa = PBXFileReference; lastKnownFileType = wrapper.framework; name = Taglib.framework; path = taglib/Taglib.framework; sourceTree = "<group>"; };
		3D0B14A70D4ADB3200ECEFBC /* IIAssistantController.h */ = {isa = PBXFileReference; fileEncoding = 4; lastKnownFileType = sourcecode.c.h; path = IIAssistantController.h; sourceTree = "<group>"; };
		3D0B14A80D4ADB3200ECEFBC /* IIAssistantController.m */ = {isa = PBXFileReference; fileEncoding = 4; lastKnownFileType = sourcecode.c.objc; path = IIAssistantController.m; sourceTree = "<group>"; };
		3D0B14E60D4AE84700ECEFBC /* Utilities.h */ = {isa = PBXFileReference; fileEncoding = 4; lastKnownFileType = sourcecode.c.h; path = Utilities.h; sourceTree = "<group>"; };
		3D0B14E70D4AE84700ECEFBC /* Utilities.m */ = {isa = PBXFileReference; fileEncoding = 4; lastKnownFileType = sourcecode.c.objc; path = Utilities.m; sourceTree = "<group>"; };
		3D0B154D0D4B0B0A00ECEFBC /* IIFileSource.h */ = {isa = PBXFileReference; fileEncoding = 4; lastKnownFileType = sourcecode.c.h; path = IIFileSource.h; sourceTree = "<group>"; };
		3D0B154E0D4B0B0A00ECEFBC /* IIFileSource.m */ = {isa = PBXFileReference; fileEncoding = 4; lastKnownFileType = sourcecode.c.objc; path = IIFileSource.m; sourceTree = "<group>"; };
		3D0DCAFD0DDEA46000A1660D /* IICueRenderer.h */ = {isa = PBXFileReference; fileEncoding = 4; lastKnownFileType = sourcecode.c.h; path = IICueRenderer.h; sourceTree = "<group>"; };
		3D0DCAFE0DDEA46000A1660D /* IICueRenderer.m */ = {isa = PBXFileReference; fileEncoding = 4; lastKnownFileType = sourcecode.c.objc; path = IICueRenderer.m; sourceTree = "<group>"; };
		3D0DCB370DDEB7DA00A1660D /* QuickTimeUtils.c */ = {isa = PBXFileReference; fileEncoding = 4; lastKnownFileType = sourcecode.c.c; path = QuickTimeUtils.c; sourceTree = "<group>"; };
		3D0DCB380DDEB7DA00A1660D /* QuickTimeUtils.h */ = {isa = PBXFileReference; fileEncoding = 4; lastKnownFileType = sourcecode.c.h; path = QuickTimeUtils.h; sourceTree = "<group>"; };
		3D0DCBBE0DDF5E4800A1660D /* QuickTime.framework */ = {isa = PBXFileReference; lastKnownFileType = wrapper.framework; name = QuickTime.framework; path = /System/Library/Frameworks/QuickTime.framework; sourceTree = "<absolute>"; };
		3D0E83A80D5ACBC300789FCD /* TagParsing.h */ = {isa = PBXFileReference; fileEncoding = 4; lastKnownFileType = sourcecode.c.h; path = TagParsing.h; sourceTree = "<group>"; };
		3D0E83A90D5ACBC300789FCD /* TagParsing.mm */ = {isa = PBXFileReference; fileEncoding = 4; lastKnownFileType = sourcecode.cpp.objcpp; path = TagParsing.mm; sourceTree = "<group>"; };
		3D2266C1105DEF770031B730 /* English */ = {isa = PBXFileReference; lastKnownFileType = file.xib; name = English; path = English.lproj/MainMenu.xib; sourceTree = "<group>"; };
		3D2A1904106C59180003C142 /* IITemporaryFile.h */ = {isa = PBXFileReference; fileEncoding = 4; lastKnownFileType = sourcecode.c.h; path = IITemporaryFile.h; sourceTree = "<group>"; };
		3D2A1905106C59180003C142 /* IITemporaryFile.m */ = {isa = PBXFileReference; fileEncoding = 4; lastKnownFileType = sourcecode.c.objc; path = IITemporaryFile.m; sourceTree = "<group>"; };
		3D2ACB700EC0EB9D00D0D43A /* UniversalDetector.framework */ = {isa = PBXFileReference; lastKnownFileType = wrapper.framework; name = UniversalDetector.framework; path = "/Applications/The Unarchiver.app/Contents/Frameworks/UniversalDetector.framework"; sourceTree = "<absolute>"; };
		3D2ACB740EC0EBAF00D0D43A /* XADMaster.framework */ = {isa = PBXFileReference; lastKnownFileType = wrapper.framework; name = XADMaster.framework; path = "/Applications/The Unarchiver.app/Contents/Frameworks/XADMaster.framework"; sourceTree = "<absolute>"; };
		3D4A8FF30D5590F80099E796 /* CueParsing.h */ = {isa = PBXFileReference; fileEncoding = 4; lastKnownFileType = sourcecode.c.h; path = CueParsing.h; sourceTree = "<group>"; };
		3D4A8FF40D5590F80099E796 /* CueParsing.m.rl */ = {isa = PBXFileReference; explicitFileType = sourcecode.c.objc; fileEncoding = 4; path = CueParsing.m.rl; sourceTree = "<group>"; };
		3D7D430B0D710BCC00D42333 /* iTunesApplication.h */ = {isa = PBXFileReference; fileEncoding = 4; lastKnownFileType = sourcecode.c.h; path = iTunesApplication.h; sourceTree = "<group>"; };
		3D7D433F0D710F3600D42333 /* ScriptingBridge.framework */ = {isa = PBXFileReference; lastKnownFileType = wrapper.framework; name = ScriptingBridge.framework; path = /System/Library/Frameworks/ScriptingBridge.framework; sourceTree = "<absolute>"; };
		3DA221790EA6D62D006443F6 /* TUEncodingPopUp.h */ = {isa = PBXFileReference; fileEncoding = 4; lastKnownFileType = sourcecode.c.h; path = TUEncodingPopUp.h; sourceTree = "<group>"; };
		3DA2217A0EA6D62D006443F6 /* TUEncodingPopUp.m */ = {isa = PBXFileReference; fileEncoding = 4; lastKnownFileType = sourcecode.c.objc; path = TUEncodingPopUp.m; sourceTree = "<group>"; };
		3DA221860EA6DA78006443F6 /* English */ = {isa = PBXFileReference; lastKnownFileType = wrapper.nib; name = English; path = English.lproj/EncodingView.nib; sourceTree = "<group>"; };
		3DBBC5CA0D612B1C003046C3 /* ImageKit.framework */ = {isa = PBXFileReference; lastKnownFileType = wrapper.framework; name = ImageKit.framework; path = /System/Library/Frameworks/Quartz.framework/Versions/A/Frameworks/ImageKit.framework; sourceTree = "<absolute>"; };
		8D1107310486CEB800E47090 /* Info.plist */ = {isa = PBXFileReference; fileEncoding = 4; lastKnownFileType = text.plist.xml; path = Info.plist; sourceTree = "<group>"; };
		8D1107320486CEB800E47090 /* iTunesImport.app */ = {isa = PBXFileReference; explicitFileType = wrapper.application; includeInIndex = 0; path = iTunesImport.app; sourceTree = BUILT_PRODUCTS_DIR; };
/* End PBXFileReference section */

/* Begin PBXFrameworksBuildPhase section */
		8D11072E0486CEB800E47090 /* Frameworks */ = {
			isa = PBXFrameworksBuildPhase;
			buildActionMask = 2147483647;
			files = (
				8D11072F0486CEB800E47090 /* Cocoa.framework in Frameworks */,
				3D03FE710D57F24E008C8194 /* Taglib.framework in Frameworks */,
				3DBBC5CB0D612B1C003046C3 /* ImageKit.framework in Frameworks */,
				3D7D43400D710F3600D42333 /* ScriptingBridge.framework in Frameworks */,
				3D0DCBBF0DDF5E4800A1660D /* QuickTime.framework in Frameworks */,
				3D2ACB710EC0EB9D00D0D43A /* UniversalDetector.framework in Frameworks */,
				3D2ACB750EC0EBAF00D0D43A /* XADMaster.framework in Frameworks */,
			);
			runOnlyForDeploymentPostprocessing = 0;
		};
/* End PBXFrameworksBuildPhase section */

/* Begin PBXGroup section */
		080E96DDFE201D6D7F000001 /* Classes */ = {
			isa = PBXGroup;
			children = (
				3D0B14A70D4ADB3200ECEFBC /* IIAssistantController.h */,
				3D0B14A80D4ADB3200ECEFBC /* IIAssistantController.m */,
				3D0B154D0D4B0B0A00ECEFBC /* IIFileSource.h */,
				3D0B154E0D4B0B0A00ECEFBC /* IIFileSource.m */,
				3D0300C20D516DC300C3B7A3 /* IIAlbum.h */,
				3D0300C30D516DC400C3B7A3 /* IIAlbum.m */,
				3D4A8FF30D5590F80099E796 /* CueParsing.h */,
				3D4A8FF40D5590F80099E796 /* CueParsing.m.rl */,
				3D0DCAFD0DDEA46000A1660D /* IICueRenderer.h */,
				3D0DCAFE0DDEA46000A1660D /* IICueRenderer.m */,
				3D0E83A80D5ACBC300789FCD /* TagParsing.h */,
				3D0E83A90D5ACBC300789FCD /* TagParsing.mm */,
				3DA221790EA6D62D006443F6 /* TUEncodingPopUp.h */,
				3DA2217A0EA6D62D006443F6 /* TUEncodingPopUp.m */,
				3D2A1904106C59180003C142 /* IITemporaryFile.h */,
				3D2A1905106C59180003C142 /* IITemporaryFile.m */,
			);
			name = Classes;
			sourceTree = "<group>";
		};
		1058C7A0FEA54F0111CA2CBB /* Linked Frameworks */ = {
			isa = PBXGroup;
			children = (
				3D2ACB740EC0EBAF00D0D43A /* XADMaster.framework */,
				3D2ACB700EC0EB9D00D0D43A /* UniversalDetector.framework */,
				3D7D433F0D710F3600D42333 /* ScriptingBridge.framework */,
				3DBBC5CA0D612B1C003046C3 /* ImageKit.framework */,
				3D03FE700D57F24E008C8194 /* Taglib.framework */,
				1058C7A1FEA54F0111CA2CBB /* Cocoa.framework */,
			);
			name = "Linked Frameworks";
			sourceTree = "<group>";
		};
		1058C7A2FEA54F0111CA2CBB /* Other Frameworks */ = {
			isa = PBXGroup;
			children = (
				3D0DCBBE0DDF5E4800A1660D /* QuickTime.framework */,
				29B97324FDCFA39411CA2CEA /* AppKit.framework */,
				13E42FB307B3F0F600E4EEF1 /* CoreData.framework */,
				29B97325FDCFA39411CA2CEA /* Foundation.framework */,
			);
			name = "Other Frameworks";
			sourceTree = "<group>";
		};
		19C28FACFE9D520D11CA2CBB /* Products */ = {
			isa = PBXGroup;
			children = (
				8D1107320486CEB800E47090 /* iTunesImport.app */,
			);
			name = Products;
			sourceTree = "<group>";
		};
		29B97314FDCFA39411CA2CEA /* iTunesImport */ = {
			isa = PBXGroup;
			children = (
				080E96DDFE201D6D7F000001 /* Classes */,
				29B97315FDCFA39411CA2CEA /* Other Sources */,
				29B97317FDCFA39411CA2CEA /* Resources */,
				29B97323FDCFA39411CA2CEA /* Frameworks */,
				19C28FACFE9D520D11CA2CBB /* Products */,
			);
			name = iTunesImport;
			sourceTree = "<group>";
		};
		29B97315FDCFA39411CA2CEA /* Other Sources */ = {
			isa = PBXGroup;
			children = (
				32CA4F630368D1EE00C91783 /* iTunesImport_Prefix.pch */,
				3D7D430B0D710BCC00D42333 /* iTunesApplication.h */,
				29B97316FDCFA39411CA2CEA /* main.m */,
				3D0DCB370DDEB7DA00A1660D /* QuickTimeUtils.c */,
				3D0DCB380DDEB7DA00A1660D /* QuickTimeUtils.h */,
				3D0B14E60D4AE84700ECEFBC /* Utilities.h */,
				3D0B14E70D4AE84700ECEFBC /* Utilities.m */,
			);
			name = "Other Sources";
			sourceTree = "<group>";
		};
		29B97317FDCFA39411CA2CEA /* Resources */ = {
			isa = PBXGroup;
			children = (
				3DA221850EA6DA78006443F6 /* EncodingView.nib */,
				8D1107310486CEB800E47090 /* Info.plist */,
				3D2266C0105DEF770031B730 /* MainMenu.xib */,
				089C165CFE840E0CC02AAC07 /* InfoPlist.strings */,
			);
			name = Resources;
			sourceTree = "<group>";
		};
		29B97323FDCFA39411CA2CEA /* Frameworks */ = {
			isa = PBXGroup;
			children = (
				1058C7A0FEA54F0111CA2CBB /* Linked Frameworks */,
				1058C7A2FEA54F0111CA2CBB /* Other Frameworks */,
			);
			name = Frameworks;
			sourceTree = "<group>";
		};
/* End PBXGroup section */

/* Begin PBXNativeTarget section */
		8D1107260486CEB800E47090 /* iTunesImport */ = {
			isa = PBXNativeTarget;
			buildConfigurationList = C01FCF4A08A954540054247B /* Build configuration list for PBXNativeTarget "iTunesImport" */;
			buildPhases = (
				8D1107290486CEB800E47090 /* Resources */,
				8D11072C0486CEB800E47090 /* Sources */,
				8D11072E0486CEB800E47090 /* Frameworks */,
				3D0B14820D4ABFE000ECEFBC /* CopyFiles */,
			);
			buildRules = (
				3D4A90210D55A5620099E796 /* PBXBuildRule */,
			);
			dependencies = (
			);
			name = iTunesImport;
			productInstallPath = "$(HOME)/Applications";
			productName = iTunesImport;
			productReference = 8D1107320486CEB800E47090 /* iTunesImport.app */;
			productType = "com.apple.product-type.application";
		};
/* End PBXNativeTarget section */

/* Begin PBXProject section */
		29B97313FDCFA39411CA2CEA /* Project object */ = {
			isa = PBXProject;
			buildConfigurationList = C01FCF4E08A954540054247B /* Build configuration list for PBXProject "iTunesImport" */;
			compatibilityVersion = "Xcode 3.2";
			hasScannedForEncodings = 1;
			mainGroup = 29B97314FDCFA39411CA2CEA /* iTunesImport */;
			projectDirPath = "";
			projectRoot = "";
			targets = (
				8D1107260486CEB800E47090 /* iTunesImport */,
			);
		};
/* End PBXProject section */

/* Begin PBXResourcesBuildPhase section */
		8D1107290486CEB800E47090 /* Resources */ = {
			isa = PBXResourcesBuildPhase;
			buildActionMask = 2147483647;
			files = (
				8D11072B0486CEB800E47090 /* InfoPlist.strings in Resources */,
				3DA221870EA6DA78006443F6 /* EncodingView.nib in Resources */,
				3D2266C2105DEF770031B730 /* MainMenu.xib in Resources */,
			);
			runOnlyForDeploymentPostprocessing = 0;
		};
/* End PBXResourcesBuildPhase section */

/* Begin PBXSourcesBuildPhase section */
		8D11072C0486CEB800E47090 /* Sources */ = {
			isa = PBXSourcesBuildPhase;
			buildActionMask = 2147483647;
			files = (
				8D11072D0486CEB800E47090 /* main.m in Sources */,
				3D0B14A90D4ADB3200ECEFBC /* IIAssistantController.m in Sources */,
				3D0B14E80D4AE84700ECEFBC /* Utilities.m in Sources */,
				3D0B154F0D4B0B0A00ECEFBC /* IIFileSource.m in Sources */,
				3D0300C40D516DC400C3B7A3 /* IIAlbum.m in Sources */,
				3D4A904C0D5652A80099E796 /* CueParsing.m.rl in Sources */,
				3D0E83AA0D5ACBC300789FCD /* TagParsing.mm in Sources */,
				3D0DCAFF0DDEA46000A1660D /* IICueRenderer.m in Sources */,
				3D0DCB390DDEB7DA00A1660D /* QuickTimeUtils.c in Sources */,
				3DA2217B0EA6D62D006443F6 /* TUEncodingPopUp.m in Sources */,
				3D2A1906106C59180003C142 /* IITemporaryFile.m in Sources */,
			);
			runOnlyForDeploymentPostprocessing = 0;
		};
/* End PBXSourcesBuildPhase section */

/* Begin PBXVariantGroup section */
		089C165CFE840E0CC02AAC07 /* InfoPlist.strings */ = {
			isa = PBXVariantGroup;
			children = (
				089C165DFE840E0CC02AAC07 /* English */,
			);
			name = InfoPlist.strings;
			sourceTree = "<group>";
		};
		3D2266C0105DEF770031B730 /* MainMenu.xib */ = {
			isa = PBXVariantGroup;
			children = (
				3D2266C1105DEF770031B730 /* English */,
			);
			name = MainMenu.xib;
			sourceTree = "<group>";
		};
		3DA221850EA6DA78006443F6 /* EncodingView.nib */ = {
			isa = PBXVariantGroup;
			children = (
				3DA221860EA6DA78006443F6 /* English */,
			);
			name = EncodingView.nib;
			sourceTree = "<group>";
		};
/* End PBXVariantGroup section */

/* Begin XCBuildConfiguration section */
		C01FCF4B08A954540054247B /* Debug */ = {
			isa = XCBuildConfiguration;
			buildSettings = {
				COPY_PHASE_STRIP = NO;
				FRAMEWORK_SEARCH_PATHS = (
					"$(inherited)",
					"\"/Applications/The Unarchiver.app/Contents/Frameworks\"",
					"\"$(SRCROOT)/taglib\"",
					"\"$(SYSTEM_LIBRARY_DIR)/Frameworks/Quartz.framework/Versions/A/Frameworks\"",
					"\"$(SYSTEM_LIBRARY_DIR)/Frameworks/ApplicationServices.framework/Versions/A/Frameworks\"",
					"\"$(SRCROOT)\"",
				);
				GCC_DYNAMIC_NO_PIC = YES;
				GCC_MODEL_TUNING = G5;
				GCC_OPTIMIZATION_LEVEL = 0;
				GCC_PRECOMPILE_PREFIX_HEADER = YES;
				GCC_PREFIX_HEADER = iTunesImport_Prefix.pch;
				INFOPLIST_FILE = Info.plist;
				INSTALL_PATH = "$(HOME)/Applications";
				MACOSX_DEPLOYMENT_TARGET = 10.5;
				PRODUCT_NAME = iTunesImport;
				WRAPPER_EXTENSION = app;
			};
			name = Debug;
		};
		C01FCF4C08A954540054247B /* Release */ = {
			isa = XCBuildConfiguration;
			buildSettings = {
				DEBUG_INFORMATION_FORMAT = "dwarf-with-dsym";
				FRAMEWORK_SEARCH_PATHS = (
					"$(inherited)",
					"\"/Applications/The Unarchiver.app/Contents/Frameworks\"",
					"\"$(SRCROOT)/taglib\"",
					"\"$(SYSTEM_LIBRARY_DIR)/Frameworks/Quartz.framework/Versions/A/Frameworks\"",
					"\"$(SYSTEM_LIBRARY_DIR)/Frameworks/ApplicationServices.framework/Versions/A/Frameworks\"",
					"\"$(SRCROOT)\"",
				);
				GCC_DYNAMIC_NO_PIC = YES;
				GCC_MODEL_TUNING = G5;
				GCC_PRECOMPILE_PREFIX_HEADER = YES;
				GCC_PREFIX_HEADER = iTunesImport_Prefix.pch;
				INFOPLIST_FILE = Info.plist;
				INSTALL_PATH = "$(HOME)/Applications";
				MACOSX_DEPLOYMENT_TARGET = 10.5;
				PRODUCT_NAME = iTunesImport;
				WRAPPER_EXTENSION = app;
			};
			name = Release;
		};
		C01FCF4F08A954540054247B /* Debug */ = {
			isa = XCBuildConfiguration;
			buildSettings = {
				ALWAYS_SEARCH_USER_PATHS = NO;
				ARCHS = "$(ARCHS_STANDARD_32_BIT)";
				GCC_C_LANGUAGE_STANDARD = gnu99;
				GCC_DYNAMIC_NO_PIC = YES;
				GCC_WARN_ABOUT_RETURN_TYPE = YES;
				GCC_WARN_UNUSED_VARIABLE = YES;
				HEADER_SEARCH_PATHS = taglib/Taglib.framework/Headers/;
				PREBINDING = NO;
				SDKROOT = macosx10.6;
			};
			name = Debug;
		};
		C01FCF5008A954540054247B /* Release */ = {
			isa = XCBuildConfiguration;
			buildSettings = {
				ALWAYS_SEARCH_USER_PATHS = NO;
				ARCHS = "$(ARCHS_STANDARD_32_BIT)";
				GCC_C_LANGUAGE_STANDARD = gnu99;
				GCC_DYNAMIC_NO_PIC = YES;
				GCC_WARN_ABOUT_RETURN_TYPE = YES;
				GCC_WARN_UNUSED_VARIABLE = YES;
				HEADER_SEARCH_PATHS = taglib/Taglib.framework/Headers/;
				PREBINDING = NO;
				SDKROOT = macosx10.6;
			};
			name = Release;
		};
/* End XCBuildConfiguration section */

/* Begin XCConfigurationList section */
		C01FCF4A08A954540054247B /* Build configuration list for PBXNativeTarget "iTunesImport" */ = {
			isa = XCConfigurationList;
			buildConfigurations = (
				C01FCF4B08A954540054247B /* Debug */,
				C01FCF4C08A954540054247B /* Release */,
			);
			defaultConfigurationIsVisible = 0;
			defaultConfigurationName = Release;
		};
		C01FCF4E08A954540054247B /* Build configuration list for PBXProject "iTunesImport" */ = {
			isa = XCConfigurationList;
			buildConfigurations = (
				C01FCF4F08A954540054247B /* Debug */,
				C01FCF5008A954540054247B /* Release */,
			);
			defaultConfigurationIsVisible = 0;
			defaultConfigurationName = Release;
		};
/* End XCConfigurationList section */
	};
	rootObject = 29B97313FDCFA39411CA2CEA /* Project object */;
}
